
Microsoft Visual Studio Solution File, Format Version 12.00
# Visual Studio Version 17
VisualStudioVersion = 17.8.34511.84
MinimumVisualStudioVersion = 10.0.40219.1
Project("{9A19103F-16F7-4668-BE54-9A1E7A4F7556}") = "Engine", "Engine\Engine.csproj", "{06985513-7F57-4221-A495-3D63DCD927F4}"
EndProject
Project("{9A19103F-16F7-4668-BE54-9A1E7A4F7556}") = "UI", "UI\UI.csproj", "{BCEAC4DB-5FF9-4702-AC01-5AEEFE6CBBAA}"
EndProject
Project("{9A19103F-16F7-4668-BE54-9A1E7A4F7556}") = "QslEngine", "QslEngine\QslEngine.csproj", "{7977BF02-6C43-4FD1-84F0-6AB01D77A2E4}"
EndProject
Project("{9A19103F-16F7-4668-BE54-9A1E7A4F7556}") = "QslManager", "QslManager\QslManager.csproj", "{AE0D2999-FB89-4DE7-AC68-CC8339723429}"
EndProject
Project("{9A19103F-16F7-4668-BE54-9A1E7A4F7556}") = "WsjtxImport", "WsjtxImport\WsjtxImport.csproj", "{03ACDA7C-2427-4240-ABEC-8483F0447AF2}"
EndProject
Project("{2150E333-8FDC-42A3-9474-1A3956D46DE8}") = "Solution Items", "Solution Items", "{E9141905-5AE9-4400-AACF-F3E7086041B9}"
	ProjectSection(SolutionItems) = preProject
		.github\workflows\build.yml = .github\workflows\build.yml
	EndProjectSection
EndProject
Project("{9A19103F-16F7-4668-BE54-9A1E7A4F7556}") = "RigCAT.NET", "RigCAT.NET\RigCAT.NET.csproj", "{E0C3A993-1BC7-4895-AFED-D80CED8728D4}"
EndProject
Global
	GlobalSection(SolutionConfigurationPlatforms) = preSolution
		Debug|Any CPU = Debug|Any CPU
		Debug|Mixed Platforms = Debug|Mixed Platforms
		Debug|x86 = Debug|x86
		Release|Any CPU = Release|Any CPU
		Release|Mixed Platforms = Release|Mixed Platforms
		Release|x86 = Release|x86
	EndGlobalSection
	GlobalSection(ProjectConfigurationPlatforms) = postSolution
		{06985513-7F57-4221-A495-3D63DCD927F4}.Debug|Any CPU.ActiveCfg = Debug|Any CPU
		{06985513-7F57-4221-A495-3D63DCD927F4}.Debug|Any CPU.Build.0 = Debug|Any CPU
		{06985513-7F57-4221-A495-3D63DCD927F4}.Debug|Mixed Platforms.ActiveCfg = Debug|Any CPU
		{06985513-7F57-4221-A495-3D63DCD927F4}.Debug|Mixed Platforms.Build.0 = Debug|Any CPU
		{06985513-7F57-4221-A495-3D63DCD927F4}.Debug|x86.ActiveCfg = Debug|Any CPU
		{06985513-7F57-4221-A495-3D63DCD927F4}.Release|Any CPU.ActiveCfg = Release|Any CPU
		{06985513-7F57-4221-A495-3D63DCD927F4}.Release|Any CPU.Build.0 = Release|Any CPU
		{06985513-7F57-4221-A495-3D63DCD927F4}.Release|Mixed Platforms.ActiveCfg = Release|Any CPU
		{06985513-7F57-4221-A495-3D63DCD927F4}.Release|Mixed Platforms.Build.0 = Release|Any CPU
		{06985513-7F57-4221-A495-3D63DCD927F4}.Release|x86.ActiveCfg = Release|Any CPU
		{BCEAC4DB-5FF9-4702-AC01-5AEEFE6CBBAA}.Debug|Any CPU.ActiveCfg = Debug|Any CPU
		{BCEAC4DB-5FF9-4702-AC01-5AEEFE6CBBAA}.Debug|Any CPU.Build.0 = Debug|Any CPU
		{BCEAC4DB-5FF9-4702-AC01-5AEEFE6CBBAA}.Debug|Mixed Platforms.ActiveCfg = Debug|Any CPU
		{BCEAC4DB-5FF9-4702-AC01-5AEEFE6CBBAA}.Debug|Mixed Platforms.Build.0 = Debug|Any CPU
		{BCEAC4DB-5FF9-4702-AC01-5AEEFE6CBBAA}.Debug|x86.ActiveCfg = Debug|Any CPU
		{BCEAC4DB-5FF9-4702-AC01-5AEEFE6CBBAA}.Release|Any CPU.ActiveCfg = Release|Any CPU
		{BCEAC4DB-5FF9-4702-AC01-5AEEFE6CBBAA}.Release|Any CPU.Build.0 = Release|Any CPU
		{BCEAC4DB-5FF9-4702-AC01-5AEEFE6CBBAA}.Release|Mixed Platforms.ActiveCfg = Release|Any CPU
		{BCEAC4DB-5FF9-4702-AC01-5AEEFE6CBBAA}.Release|Mixed Platforms.Build.0 = Release|Any CPU
		{BCEAC4DB-5FF9-4702-AC01-5AEEFE6CBBAA}.Release|x86.ActiveCfg = Release|Any CPU
		{7977BF02-6C43-4FD1-84F0-6AB01D77A2E4}.Debug|Any CPU.ActiveCfg = Debug|Any CPU
		{7977BF02-6C43-4FD1-84F0-6AB01D77A2E4}.Debug|Any CPU.Build.0 = Debug|Any CPU
		{7977BF02-6C43-4FD1-84F0-6AB01D77A2E4}.Debug|Mixed Platforms.ActiveCfg = Debug|Any CPU
		{7977BF02-6C43-4FD1-84F0-6AB01D77A2E4}.Debug|Mixed Platforms.Build.0 = Debug|Any CPU
		{7977BF02-6C43-4FD1-84F0-6AB01D77A2E4}.Debug|x86.ActiveCfg = Debug|Any CPU
		{7977BF02-6C43-4FD1-84F0-6AB01D77A2E4}.Release|Any CPU.ActiveCfg = Release|Any CPU
		{7977BF02-6C43-4FD1-84F0-6AB01D77A2E4}.Release|Any CPU.Build.0 = Release|Any CPU
		{7977BF02-6C43-4FD1-84F0-6AB01D77A2E4}.Release|Mixed Platforms.ActiveCfg = Release|Any CPU
		{7977BF02-6C43-4FD1-84F0-6AB01D77A2E4}.Release|Mixed Platforms.Build.0 = Release|Any CPU
		{7977BF02-6C43-4FD1-84F0-6AB01D77A2E4}.Release|x86.ActiveCfg = Release|Any CPU
		{AE0D2999-FB89-4DE7-AC68-CC8339723429}.Debug|Any CPU.ActiveCfg = Debug|x86
		{AE0D2999-FB89-4DE7-AC68-CC8339723429}.Debug|Mixed Platforms.ActiveCfg = Debug|Any CPU
		{AE0D2999-FB89-4DE7-AC68-CC8339723429}.Debug|Mixed Platforms.Build.0 = Debug|Any CPU
		{AE0D2999-FB89-4DE7-AC68-CC8339723429}.Debug|x86.ActiveCfg = Debug|x86
		{AE0D2999-FB89-4DE7-AC68-CC8339723429}.Debug|x86.Build.0 = Debug|x86
		{AE0D2999-FB89-4DE7-AC68-CC8339723429}.Release|Any CPU.ActiveCfg = Release|x86
		{AE0D2999-FB89-4DE7-AC68-CC8339723429}.Release|Mixed Platforms.ActiveCfg = Release|x86
		{AE0D2999-FB89-4DE7-AC68-CC8339723429}.Release|Mixed Platforms.Build.0 = Release|x86
		{AE0D2999-FB89-4DE7-AC68-CC8339723429}.Release|x86.ActiveCfg = Release|x86
		{AE0D2999-FB89-4DE7-AC68-CC8339723429}.Release|x86.Build.0 = Release|x86
		{03ACDA7C-2427-4240-ABEC-8483F0447AF2}.Debug|Any CPU.ActiveCfg = Debug|Any CPU
		{03ACDA7C-2427-4240-ABEC-8483F0447AF2}.Debug|Any CPU.Build.0 = Debug|Any CPU
		{03ACDA7C-2427-4240-ABEC-8483F0447AF2}.Debug|Mixed Platforms.ActiveCfg = Debug|Any CPU
		{03ACDA7C-2427-4240-ABEC-8483F0447AF2}.Debug|Mixed Platforms.Build.0 = Debug|Any CPU
		{03ACDA7C-2427-4240-ABEC-8483F0447AF2}.Debug|x86.ActiveCfg = Debug|Any CPU
		{03ACDA7C-2427-4240-ABEC-8483F0447AF2}.Debug|x86.Build.0 = Debug|Any CPU
		{03ACDA7C-2427-4240-ABEC-8483F0447AF2}.Release|Any CPU.ActiveCfg = Release|Any CPU
		{03ACDA7C-2427-4240-ABEC-8483F0447AF2}.Release|Any CPU.Build.0 = Release|Any CPU
		{03ACDA7C-2427-4240-ABEC-8483F0447AF2}.Release|Mixed Platforms.ActiveCfg = Release|Any CPU
		{03ACDA7C-2427-4240-ABEC-8483F0447AF2}.Release|Mixed Platforms.Build.0 = Release|Any CPU
		{03ACDA7C-2427-4240-ABEC-8483F0447AF2}.Release|x86.ActiveCfg = Release|Any CPU
		{03ACDA7C-2427-4240-ABEC-8483F0447AF2}.Release|x86.Build.0 = Release|Any CPU
		{E0C3A993-1BC7-4895-AFED-D80CED8728D4}.Debug|Any CPU.ActiveCfg = Debug|Any CPU
		{E0C3A993-1BC7-4895-AFED-D80CED8728D4}.Debug|Any CPU.Build.0 = Debug|Any CPU
		{E0C3A993-1BC7-4895-AFED-D80CED8728D4}.Debug|Mixed Platforms.ActiveCfg = Debug|Any CPU
		{E0C3A993-1BC7-4895-AFED-D80CED8728D4}.Debug|Mixed Platforms.Build.0 = Debug|Any CPU
		{E0C3A993-1BC7-4895-AFED-D80CED8728D4}.Debug|x86.ActiveCfg = Debug|Any CPU
		{E0C3A993-1BC7-4895-AFED-D80CED8728D4}.Debug|x86.Build.0 = Debug|Any CPU
		{E0C3A993-1BC7-4895-AFED-D80CED8728D4}.Release|Any CPU.ActiveCfg = Release|Any CPU
		{E0C3A993-1BC7-4895-AFED-D80CED8728D4}.Release|Any CPU.Build.0 = Release|Any CPU
		{E0C3A993-1BC7-4895-AFED-D80CED8728D4}.Release|Mixed Platforms.ActiveCfg = Release|Any CPU
		{E0C3A993-1BC7-4895-AFED-D80CED8728D4}.Release|Mixed Platforms.Build.0 = Release|Any CPU
		{E0C3A993-1BC7-4895-AFED-D80CED8728D4}.Release|x86.ActiveCfg = Release|Any CPU
		{E0C3A993-1BC7-4895-AFED-D80CED8728D4}.Release|x86.Build.0 = Release|Any CPU
	EndGlobalSection
	GlobalSection(SolutionProperties) = preSolution
		HideSolutionNode = FALSE
	EndGlobalSection
	GlobalSection(ExtensibilityGlobals) = postSolution
		SolutionGuid = {D1BE248F-7816-45B8-87A9-43747B17486E}
	EndGlobalSection
EndGlobal
