
Microsoft Visual Studio Solution File, Format Version 11.00
# Visual Studio 2010
Project("{FAE04EC0-301F-11D3-BF4B-00C04F79EFBC}") = "Engine", "Engine\Engine.csproj", "{06985513-7F57-4221-A495-3D63DCD927F4}"
EndProject
Project("{FAE04EC0-301F-11D3-BF4B-00C04F79EFBC}") = "EngineTests", "EngineTests\EngineTests.csproj", "{392FE98E-6E10-4C8B-AABB-FB538D942CDB}"
EndProject
Project("{FAE04EC0-301F-11D3-BF4B-00C04F79EFBC}") = "UI", "UI\UI.csproj", "{BCEAC4DB-5FF9-4702-AC01-5AEEFE6CBBAA}"
EndProject
Project("{FAE04EC0-301F-11D3-BF4B-00C04F79EFBC}") = "HrdImport", "HrdImport\HrdImport.csproj", "{D15025D0-8019-430E-ADE9-6FBA3EA6B739}"
EndProject
Project("{FAE04EC0-301F-11D3-BF4B-00C04F79EFBC}") = "QslEngine", "QslEngine\QslEngine.csproj", "{7977BF02-6C43-4FD1-84F0-6AB01D77A2E4}"
EndProject
Project("{FAE04EC0-301F-11D3-BF4B-00C04F79EFBC}") = "QslManager", "QslManager\QslManager.csproj", "{AE0D2999-FB89-4DE7-AC68-CC8339723429}"
EndProject
Global
	GlobalSection(SolutionConfigurationPlatforms) = preSolution
		Debug|Any CPU = Debug|Any CPU
		Debug|Mixed Platforms = Debug|Mixed Platforms
		Debug|x86 = Debug|x86
		Release|Any CPU = Release|Any CPU
		Release|Mixed Platforms = Release|Mixed Platforms
		Release|x86 = Release|x86
	EndGlobalSection
	GlobalSection(ProjectConfigurationPlatforms) = postSolution
		{06985513-7F57-4221-A495-3D63DCD927F4}.Debug|Any CPU.ActiveCfg = Debug|Any CPU
		{06985513-7F57-4221-A495-3D63DCD927F4}.Debug|Any CPU.Build.0 = Debug|Any CPU
		{06985513-7F57-4221-A495-3D63DCD927F4}.Debug|Mixed Platforms.ActiveCfg = Debug|Any CPU
		{06985513-7F57-4221-A495-3D63DCD927F4}.Debug|Mixed Platforms.Build.0 = Debug|Any CPU
		{06985513-7F57-4221-A495-3D63DCD927F4}.Debug|x86.ActiveCfg = Debug|Any CPU
		{06985513-7F57-4221-A495-3D63DCD927F4}.Release|Any CPU.ActiveCfg = Release|Any CPU
		{06985513-7F57-4221-A495-3D63DCD927F4}.Release|Any CPU.Build.0 = Release|Any CPU
		{06985513-7F57-4221-A495-3D63DCD927F4}.Release|Mixed Platforms.ActiveCfg = Release|Any CPU
		{06985513-7F57-4221-A495-3D63DCD927F4}.Release|Mixed Platforms.Build.0 = Release|Any CPU
		{06985513-7F57-4221-A495-3D63DCD927F4}.Release|x86.ActiveCfg = Release|Any CPU
		{392FE98E-6E10-4C8B-AABB-FB538D942CDB}.Debug|Any CPU.ActiveCfg = Debug|Any CPU
		{392FE98E-6E10-4C8B-AABB-FB538D942CDB}.Debug|Any CPU.Build.0 = Debug|Any CPU
		{392FE98E-6E10-4C8B-AABB-FB538D942CDB}.Debug|Mixed Platforms.ActiveCfg = Debug|Any CPU
		{392FE98E-6E10-4C8B-AABB-FB538D942CDB}.Debug|Mixed Platforms.Build.0 = Debug|Any CPU
		{392FE98E-6E10-4C8B-AABB-FB538D942CDB}.Debug|x86.ActiveCfg = Debug|Any CPU
		{392FE98E-6E10-4C8B-AABB-FB538D942CDB}.Release|Any CPU.ActiveCfg = Release|Any CPU
		{392FE98E-6E10-4C8B-AABB-FB538D942CDB}.Release|Any CPU.Build.0 = Release|Any CPU
		{392FE98E-6E10-4C8B-AABB-FB538D942CDB}.Release|Mixed Platforms.ActiveCfg = Release|Any CPU
		{392FE98E-6E10-4C8B-AABB-FB538D942CDB}.Release|Mixed Platforms.Build.0 = Release|Any CPU
		{392FE98E-6E10-4C8B-AABB-FB538D942CDB}.Release|x86.ActiveCfg = Release|Any CPU
		{BCEAC4DB-5FF9-4702-AC01-5AEEFE6CBBAA}.Debug|Any CPU.ActiveCfg = Debug|Any CPU
		{BCEAC4DB-5FF9-4702-AC01-5AEEFE6CBBAA}.Debug|Any CPU.Build.0 = Debug|Any CPU
		{BCEAC4DB-5FF9-4702-AC01-5AEEFE6CBBAA}.Debug|Mixed Platforms.ActiveCfg = Debug|Any CPU
		{BCEAC4DB-5FF9-4702-AC01-5AEEFE6CBBAA}.Debug|Mixed Platforms.Build.0 = Debug|Any CPU
		{BCEAC4DB-5FF9-4702-AC01-5AEEFE6CBBAA}.Debug|x86.ActiveCfg = Debug|Any CPU
		{BCEAC4DB-5FF9-4702-AC01-5AEEFE6CBBAA}.Release|Any CPU.ActiveCfg = Release|Any CPU
		{BCEAC4DB-5FF9-4702-AC01-5AEEFE6CBBAA}.Release|Any CPU.Build.0 = Release|Any CPU
		{BCEAC4DB-5FF9-4702-AC01-5AEEFE6CBBAA}.Release|Mixed Platforms.ActiveCfg = Release|Any CPU
		{BCEAC4DB-5FF9-4702-AC01-5AEEFE6CBBAA}.Release|Mixed Platforms.Build.0 = Release|Any CPU
		{BCEAC4DB-5FF9-4702-AC01-5AEEFE6CBBAA}.Release|x86.ActiveCfg = Release|Any CPU
		{D15025D0-8019-430E-ADE9-6FBA3EA6B739}.Debug|Any CPU.ActiveCfg = Debug|Any CPU
		{D15025D0-8019-430E-ADE9-6FBA3EA6B739}.Debug|Any CPU.Build.0 = Debug|Any CPU
		{D15025D0-8019-430E-ADE9-6FBA3EA6B739}.Debug|Mixed Platforms.ActiveCfg = Debug|Any CPU
		{D15025D0-8019-430E-ADE9-6FBA3EA6B739}.Debug|Mixed Platforms.Build.0 = Debug|Any CPU
		{D15025D0-8019-430E-ADE9-6FBA3EA6B739}.Debug|x86.ActiveCfg = Debug|Any CPU
		{D15025D0-8019-430E-ADE9-6FBA3EA6B739}.Release|Any CPU.ActiveCfg = Release|Any CPU
		{D15025D0-8019-430E-ADE9-6FBA3EA6B739}.Release|Any CPU.Build.0 = Release|Any CPU
		{D15025D0-8019-430E-ADE9-6FBA3EA6B739}.Release|Mixed Platforms.ActiveCfg = Release|Any CPU
		{D15025D0-8019-430E-ADE9-6FBA3EA6B739}.Release|Mixed Platforms.Build.0 = Release|Any CPU
		{D15025D0-8019-430E-ADE9-6FBA3EA6B739}.Release|x86.ActiveCfg = Release|Any CPU
		{7977BF02-6C43-4FD1-84F0-6AB01D77A2E4}.Debug|Any CPU.ActiveCfg = Debug|Any CPU
		{7977BF02-6C43-4FD1-84F0-6AB01D77A2E4}.Debug|Any CPU.Build.0 = Debug|Any CPU
		{7977BF02-6C43-4FD1-84F0-6AB01D77A2E4}.Debug|Mixed Platforms.ActiveCfg = Debug|Any CPU
		{7977BF02-6C43-4FD1-84F0-6AB01D77A2E4}.Debug|Mixed Platforms.Build.0 = Debug|Any CPU
		{7977BF02-6C43-4FD1-84F0-6AB01D77A2E4}.Debug|x86.ActiveCfg = Debug|Any CPU
		{7977BF02-6C43-4FD1-84F0-6AB01D77A2E4}.Release|Any CPU.ActiveCfg = Release|Any CPU
		{7977BF02-6C43-4FD1-84F0-6AB01D77A2E4}.Release|Any CPU.Build.0 = Release|Any CPU
		{7977BF02-6C43-4FD1-84F0-6AB01D77A2E4}.Release|Mixed Platforms.ActiveCfg = Release|Any CPU
		{7977BF02-6C43-4FD1-84F0-6AB01D77A2E4}.Release|Mixed Platforms.Build.0 = Release|Any CPU
		{7977BF02-6C43-4FD1-84F0-6AB01D77A2E4}.Release|x86.ActiveCfg = Release|Any CPU
		{AE0D2999-FB89-4DE7-AC68-CC8339723429}.Debug|Any CPU.ActiveCfg = Debug|x86
		{AE0D2999-FB89-4DE7-AC68-CC8339723429}.Debug|Mixed Platforms.ActiveCfg = Debug|x86
		{AE0D2999-FB89-4DE7-AC68-CC8339723429}.Debug|Mixed Platforms.Build.0 = Debug|x86
		{AE0D2999-FB89-4DE7-AC68-CC8339723429}.Debug|x86.ActiveCfg = Debug|x86
		{AE0D2999-FB89-4DE7-AC68-CC8339723429}.Debug|x86.Build.0 = Debug|x86
		{AE0D2999-FB89-4DE7-AC68-CC8339723429}.Release|Any CPU.ActiveCfg = Release|x86
		{AE0D2999-FB89-4DE7-AC68-CC8339723429}.Release|Mixed Platforms.ActiveCfg = Release|x86
		{AE0D2999-FB89-4DE7-AC68-CC8339723429}.Release|Mixed Platforms.Build.0 = Release|x86
		{AE0D2999-FB89-4DE7-AC68-CC8339723429}.Release|x86.ActiveCfg = Release|x86
		{AE0D2999-FB89-4DE7-AC68-CC8339723429}.Release|x86.Build.0 = Release|x86
	EndGlobalSection
	GlobalSection(SolutionProperties) = preSolution
		HideSolutionNode = FALSE
	EndGlobalSection
EndGlobal
